
Microsoft Visual Studio Solution File, Format Version 12.00
# Visual Studio Version 16
VisualStudioVersion = 16.0.32126.315
MinimumVisualStudioVersion = 10.0.40219.1
Project("{FAE04EC0-301F-11D3-BF4B-00C04F79EFBC}") = "Fellowship", "Fellowship\Fellowship.csproj", "{AB635A7A-2C4B-4637-9140-5F825E2F5052}"
EndProject
Global
	GlobalSection(SolutionConfigurationPlatforms) = preSolution
		Debug|Any CPU = Debug|Any CPU
		Release|Any CPU = Release|Any CPU
	EndGlobalSection
	GlobalSection(ProjectConfigurationPlatforms) = postSolution
		{AB635A7A-2C4B-4637-9140-5F825E2F5052}.Debug|Any CPU.ActiveCfg = Debug|Any CPU
		{AB635A7A-2C4B-4637-9140-5F825E2F5052}.Debug|Any CPU.Build.0 = Debug|Any CPU
		{AB635A7A-2C4B-4637-9140-5F825E2F5052}.Release|Any CPU.ActiveCfg = Release|Any CPU
		{AB635A7A-2C4B-4637-9140-5F825E2F5052}.Release|Any CPU.Build.0 = Release|Any CPU
	EndGlobalSection
	GlobalSection(SolutionProperties) = preSolution
		HideSolutionNode = FALSE
	EndGlobalSection
	GlobalSection(ExtensibilityGlobals) = postSolution
		SolutionGuid = {0CC502C3-220E-478D-8A58-955B6AE8ECAF}
	EndGlobalSection
EndGlobal
